
Microsoft Visual Studio Solution File, Format Version 12.00
# Visual Studio Version 16
VisualStudioVersion = 16.0.31624.102
MinimumVisualStudioVersion = 10.0.40219.1
Project("{FAE04EC0-301F-11D3-BF4B-00C04F79EFBC}") = "lesson1809", "lesson1809\lesson1809.csproj", "{740507E8-299E-4E0D-86E6-4572F33AA9C0}"
EndProject
Project("{FAE04EC0-301F-11D3-BF4B-00C04F79EFBC}") = "homework1809", "homework1809\homework1809.csproj", "{D937BC1C-BB4C-4937-AF94-9BEF1A1B78E2}"
EndProject
Project("{FAE04EC0-301F-11D3-BF4B-00C04F79EFBC}") = "homeworkk", "homeworkk\homeworkk.csproj", "{B989C6D0-AAE1-4B1A-A4CC-7E023DB09EBF}"
EndProject
Global
	GlobalSection(SolutionConfigurationPlatforms) = preSolution
		Debug|Any CPU = Debug|Any CPU
		Release|Any CPU = Release|Any CPU
	EndGlobalSection
	GlobalSection(ProjectConfigurationPlatforms) = postSolution
		{740507E8-299E-4E0D-86E6-4572F33AA9C0}.Debug|Any CPU.ActiveCfg = Debug|Any CPU
		{740507E8-299E-4E0D-86E6-4572F33AA9C0}.Debug|Any CPU.Build.0 = Debug|Any CPU
		{740507E8-299E-4E0D-86E6-4572F33AA9C0}.Release|Any CPU.ActiveCfg = Release|Any CPU
		{740507E8-299E-4E0D-86E6-4572F33AA9C0}.Release|Any CPU.Build.0 = Release|Any CPU
		{D937BC1C-BB4C-4937-AF94-9BEF1A1B78E2}.Debug|Any CPU.ActiveCfg = Debug|Any CPU
		{D937BC1C-BB4C-4937-AF94-9BEF1A1B78E2}.Debug|Any CPU.Build.0 = Debug|Any CPU
		{D937BC1C-BB4C-4937-AF94-9BEF1A1B78E2}.Release|Any CPU.ActiveCfg = Release|Any CPU
		{D937BC1C-BB4C-4937-AF94-9BEF1A1B78E2}.Release|Any CPU.Build.0 = Release|Any CPU
		{B989C6D0-AAE1-4B1A-A4CC-7E023DB09EBF}.Debug|Any CPU.ActiveCfg = Debug|Any CPU
		{B989C6D0-AAE1-4B1A-A4CC-7E023DB09EBF}.Debug|Any CPU.Build.0 = Debug|Any CPU
		{B989C6D0-AAE1-4B1A-A4CC-7E023DB09EBF}.Release|Any CPU.ActiveCfg = Release|Any CPU
		{B989C6D0-AAE1-4B1A-A4CC-7E023DB09EBF}.Release|Any CPU.Build.0 = Release|Any CPU
	EndGlobalSection
	GlobalSection(SolutionProperties) = preSolution
		HideSolutionNode = FALSE
	EndGlobalSection
	GlobalSection(ExtensibilityGlobals) = postSolution
		SolutionGuid = {196A1191-C96D-478A-80A2-373D50405423}
	EndGlobalSection
EndGlobal
